
Microsoft Visual Studio Solution File, Format Version 12.00
# Visual Studio Version 17
VisualStudioVersion = 17.13.35913.81
MinimumVisualStudioVersion = 10.0.40219.1
Project("{FAE04EC0-301F-11D3-BF4B-00C04F79EFBC}") = "Entity", "Entity\Entity.csproj", "{0E881930-4884-4AF3-ACF5-765FE26810BF}"
EndProject
Project("{FAE04EC0-301F-11D3-BF4B-00C04F79EFBC}") = "Data", "Data\Data.csproj", "{048FDB46-C145-4609-BFF8-CEA54ACA3B77}"
EndProject
Project("{FAE04EC0-301F-11D3-BF4B-00C04F79EFBC}") = "Business", "Business\Business.csproj", "{CED34264-8DC1-4C57-B536-38D247380E20}"
EndProject
Project("{FAE04EC0-301F-11D3-BF4B-00C04F79EFBC}") = "Utilities", "Utilities\Utilities.csproj", "{5FDB8B3A-1B98-4959-8C02-3551863D781B}"
EndProject
Project("{FAE04EC0-301F-11D3-BF4B-00C04F79EFBC}") = "Web", "Web\Web.csproj", "{9BEDD9FA-BE4F-4510-AF5F-7665D529B17F}"
EndProject
Global
	GlobalSection(SolutionConfigurationPlatforms) = preSolution
		Debug|Any CPU = Debug|Any CPU
		Release|Any CPU = Release|Any CPU
	EndGlobalSection
	GlobalSection(ProjectConfigurationPlatforms) = postSolution
		{0E881930-4884-4AF3-ACF5-765FE26810BF}.Debug|Any CPU.ActiveCfg = Debug|Any CPU
		{0E881930-4884-4AF3-ACF5-765FE26810BF}.Debug|Any CPU.Build.0 = Debug|Any CPU
		{0E881930-4884-4AF3-ACF5-765FE26810BF}.Release|Any CPU.ActiveCfg = Release|Any CPU
		{0E881930-4884-4AF3-ACF5-765FE26810BF}.Release|Any CPU.Build.0 = Release|Any CPU
		{048FDB46-C145-4609-BFF8-CEA54ACA3B77}.Debug|Any CPU.ActiveCfg = Debug|Any CPU
		{048FDB46-C145-4609-BFF8-CEA54ACA3B77}.Debug|Any CPU.Build.0 = Debug|Any CPU
		{048FDB46-C145-4609-BFF8-CEA54ACA3B77}.Release|Any CPU.ActiveCfg = Release|Any CPU
		{048FDB46-C145-4609-BFF8-CEA54ACA3B77}.Release|Any CPU.Build.0 = Release|Any CPU
		{CED34264-8DC1-4C57-B536-38D247380E20}.Debug|Any CPU.ActiveCfg = Debug|Any CPU
		{CED34264-8DC1-4C57-B536-38D247380E20}.Debug|Any CPU.Build.0 = Debug|Any CPU
		{CED34264-8DC1-4C57-B536-38D247380E20}.Release|Any CPU.ActiveCfg = Release|Any CPU
		{CED34264-8DC1-4C57-B536-38D247380E20}.Release|Any CPU.Build.0 = Release|Any CPU
		{5FDB8B3A-1B98-4959-8C02-3551863D781B}.Debug|Any CPU.ActiveCfg = Debug|Any CPU
		{5FDB8B3A-1B98-4959-8C02-3551863D781B}.Debug|Any CPU.Build.0 = Debug|Any CPU
		{5FDB8B3A-1B98-4959-8C02-3551863D781B}.Release|Any CPU.ActiveCfg = Release|Any CPU
		{5FDB8B3A-1B98-4959-8C02-3551863D781B}.Release|Any CPU.Build.0 = Release|Any CPU
		{9BEDD9FA-BE4F-4510-AF5F-7665D529B17F}.Debug|Any CPU.ActiveCfg = Debug|Any CPU
		{9BEDD9FA-BE4F-4510-AF5F-7665D529B17F}.Debug|Any CPU.Build.0 = Debug|Any CPU
		{9BEDD9FA-BE4F-4510-AF5F-7665D529B17F}.Release|Any CPU.ActiveCfg = Release|Any CPU
		{9BEDD9FA-BE4F-4510-AF5F-7665D529B17F}.Release|Any CPU.Build.0 = Release|Any CPU
	EndGlobalSection
	GlobalSection(SolutionProperties) = preSolution
		HideSolutionNode = FALSE
	EndGlobalSection
	GlobalSection(ExtensibilityGlobals) = postSolution
		SolutionGuid = {B875CA26-05E8-4DAF-BA37-0515BF395806}
	EndGlobalSection
EndGlobal
